
Microsoft Visual Studio Solution File, Format Version 12.00
# Visual Studio Version 17
VisualStudioVersion = 17.4.33110.190
MinimumVisualStudioVersion = 10.0.40219.1
Project("{9A19103F-16F7-4668-BE54-9A1E7A4F7556}") = "gRPC_Service", "gRPC_Service\gRPC_Service.csproj", "{53B13457-A948-4600-8D3B-716A1063B9B1}"
EndProject
Project("{9A19103F-16F7-4668-BE54-9A1E7A4F7556}") = "gRPC_Client", "gRPC_Client\gRPC_Client.csproj", "{9F0CBFA9-0F86-4065-8246-D874BE371061}"
EndProject
Project("{FAE04EC0-301F-11D3-BF4B-00C04F79EFBC}") = "gRPC_Test", "gRPC_Test\gRPC_Test.csproj", "{2BF3CDCA-DB36-4C55-996C-EB083E3F22F3}"
EndProject
Project("{FAE04EC0-301F-11D3-BF4B-00C04F79EFBC}") = "gRPC_FronEnd", "gRPC_FronEnd\gRPC_FronEnd.csproj", "{6E756156-2977-4DD3-A29F-CD55C7948BB3}"
EndProject
Global
	GlobalSection(SolutionConfigurationPlatforms) = preSolution
		Debug|Any CPU = Debug|Any CPU
		Release|Any CPU = Release|Any CPU
	EndGlobalSection
	GlobalSection(ProjectConfigurationPlatforms) = postSolution
		{53B13457-A948-4600-8D3B-716A1063B9B1}.Debug|Any CPU.ActiveCfg = Debug|Any CPU
		{53B13457-A948-4600-8D3B-716A1063B9B1}.Debug|Any CPU.Build.0 = Debug|Any CPU
		{53B13457-A948-4600-8D3B-716A1063B9B1}.Release|Any CPU.ActiveCfg = Release|Any CPU
		{53B13457-A948-4600-8D3B-716A1063B9B1}.Release|Any CPU.Build.0 = Release|Any CPU
		{9F0CBFA9-0F86-4065-8246-D874BE371061}.Debug|Any CPU.ActiveCfg = Debug|Any CPU
		{9F0CBFA9-0F86-4065-8246-D874BE371061}.Debug|Any CPU.Build.0 = Debug|Any CPU
		{9F0CBFA9-0F86-4065-8246-D874BE371061}.Release|Any CPU.ActiveCfg = Release|Any CPU
		{9F0CBFA9-0F86-4065-8246-D874BE371061}.Release|Any CPU.Build.0 = Release|Any CPU
		{0BF205FB-B3AB-40C9-8D7F-976B218E7AB3}.Debug|Any CPU.ActiveCfg = Debug|Any CPU
		{0BF205FB-B3AB-40C9-8D7F-976B218E7AB3}.Debug|Any CPU.Build.0 = Debug|Any CPU
		{0BF205FB-B3AB-40C9-8D7F-976B218E7AB3}.Release|Any CPU.ActiveCfg = Release|Any CPU
		{0BF205FB-B3AB-40C9-8D7F-976B218E7AB3}.Release|Any CPU.Build.0 = Release|Any CPU
		{2BF3CDCA-DB36-4C55-996C-EB083E3F22F3}.Debug|Any CPU.ActiveCfg = Debug|Any CPU
		{2BF3CDCA-DB36-4C55-996C-EB083E3F22F3}.Debug|Any CPU.Build.0 = Debug|Any CPU
		{2BF3CDCA-DB36-4C55-996C-EB083E3F22F3}.Release|Any CPU.ActiveCfg = Release|Any CPU
		{2BF3CDCA-DB36-4C55-996C-EB083E3F22F3}.Release|Any CPU.Build.0 = Release|Any CPU
		{6E756156-2977-4DD3-A29F-CD55C7948BB3}.Debug|Any CPU.ActiveCfg = Debug|Any CPU
		{6E756156-2977-4DD3-A29F-CD55C7948BB3}.Debug|Any CPU.Build.0 = Debug|Any CPU
		{6E756156-2977-4DD3-A29F-CD55C7948BB3}.Release|Any CPU.ActiveCfg = Release|Any CPU
		{6E756156-2977-4DD3-A29F-CD55C7948BB3}.Release|Any CPU.Build.0 = Release|Any CPU
	EndGlobalSection
	GlobalSection(SolutionProperties) = preSolution
		HideSolutionNode = FALSE
	EndGlobalSection
	GlobalSection(ExtensibilityGlobals) = postSolution
		SolutionGuid = {9DC5A0CB-08C6-4FC4-A23A-65A337B1D7C9}
	EndGlobalSection
EndGlobal
